{
  "version": 4,
  "terraform_version": "1.12.1",
  "serial": 352,
  "lineage": "6e6f6e5c-9755-855f-f51b-cb2cd058504b",
  "outputs": {
    "ansible_inventory": {
      "value": "[master]\n192.168.122.10 ansible_user = fedora ansible_ssh_private_key_file=~/.ssh/id_rsa\n\n[workers]\n192.168.122.11 ansible_user = fedora ansible_ssh_private_key_file=~/.ssh/id_rsa\n192.168.122.12 ansible_user = fedora ansible_ssh_private_key_file=~/.ssh/id_rsa\n\n[wireguard]\n192.168.122.13 ansible_user = fedora ansible_ssh_private_key_file=~/.ssh/id_rsa\n",
      "type": "string"
    }
  },
  "resources": [
    {
      "mode": "managed",
      "type": "libvirt_cloudinit_disk",
      "name": "init",
      "provider": "provider[\"registry.terraform.io/dmacvicar/libvirt\"]",
      "instances": [
        {
          "index_key": "vm-k8s-master",
          "schema_version": 0,
          "attributes": {
            "id": "/var/lib/libvirt/images/vm-k8s-master-cloudinit.iso;63762834-c349-408c-a267-73c229c85e39",
            "meta_data": "instance-id: vm-k8s-master\nlocal-hostname: vm-k8s-master ",
            "name": "vm-k8s-master-cloudinit.iso",
            "network_config": "",
            "pool": "default",
            "user_data": "#cloud-config\nwrite_files:\n    - path: /var/lib/cloud/scripts/setup.sh\n      permissions: '0755'\n      content: |\n      #!/bin/bash\n      echo \"Hello from cloud-init\"\n      # Add mkore provisioning logic here\n      dnf update -y\n      hostnamectl set-hostnme $(hostname)\n      \nruncmd:\n    - [ bash, /var/lib/cloud/scripts/setup.sh ]"
          },
          "sensitive_attributes": [],
          "identity_schema_version": 0,
          "private": "bnVsbA=="
        },
        {
          "index_key": "vm-k8s-node-1",
          "schema_version": 0,
          "attributes": {
            "id": "/var/lib/libvirt/images/vm-k8s-node-1-cloudinit.iso;36f84879-a65e-4616-aeef-3900005285db",
            "meta_data": "instance-id: vm-k8s-node-1\nlocal-hostname: vm-k8s-node-1 ",
            "name": "vm-k8s-node-1-cloudinit.iso",
            "network_config": "",
            "pool": "default",
            "user_data": "#cloud-config\nwrite_files:\n    - path: /var/lib/cloud/scripts/setup.sh\n      permissions: '0755'\n      content: |\n      #!/bin/bash\n      echo \"Hello from cloud-init\"\n      # Add mkore provisioning logic here\n      dnf update -y\n      hostnamectl set-hostnme $(hostname)\n      \nruncmd:\n    - [ bash, /var/lib/cloud/scripts/setup.sh ]"
          },
          "sensitive_attributes": [],
          "identity_schema_version": 0,
          "private": "bnVsbA=="
        },
        {
          "index_key": "vm-k8s-node-2",
          "schema_version": 0,
          "attributes": {
            "id": "/var/lib/libvirt/images/vm-k8s-node-2-cloudinit.iso;a82f5bef-f72b-48d0-8b64-2ae30ddcd0c7",
            "meta_data": "instance-id: vm-k8s-node-2\nlocal-hostname: vm-k8s-node-2 ",
            "name": "vm-k8s-node-2-cloudinit.iso",
            "network_config": "",
            "pool": "default",
            "user_data": "#cloud-config\nwrite_files:\n    - path: /var/lib/cloud/scripts/setup.sh\n      permissions: '0755'\n      content: |\n      #!/bin/bash\n      echo \"Hello from cloud-init\"\n      # Add mkore provisioning logic here\n      dnf update -y\n      hostnamectl set-hostnme $(hostname)\n      \nruncmd:\n    - [ bash, /var/lib/cloud/scripts/setup.sh ]"
          },
          "sensitive_attributes": [],
          "identity_schema_version": 0,
          "private": "bnVsbA=="
        },
        {
          "index_key": "vm-wireguard",
          "schema_version": 0,
          "attributes": {
            "id": "/var/lib/libvirt/images/vm-wireguard-cloudinit.iso;fa4bb906-55c4-4698-9be3-9414bb5579ba",
            "meta_data": "instance-id: vm-wireguard\nlocal-hostname: vm-wireguard ",
            "name": "vm-wireguard-cloudinit.iso",
            "network_config": "",
            "pool": "default",
            "user_data": "#cloud-config\nwrite_files:\n    - path: /var/lib/cloud/scripts/setup.sh\n      permissions: '0755'\n      content: |\n      #!/bin/bash\n      echo \"Hello from cloud-init\"\n      # Add mkore provisioning logic here\n      dnf update -y\n      hostnamectl set-hostnme $(hostname)\n      \nruncmd:\n    - [ bash, /var/lib/cloud/scripts/setup.sh ]"
          },
          "sensitive_attributes": [],
          "identity_schema_version": 0,
          "private": "bnVsbA=="
        }
      ]
    },
    {
      "mode": "managed",
      "type": "libvirt_volume",
      "name": "vm_disk",
      "provider": "provider[\"registry.terraform.io/dmacvicar/libvirt\"]",
      "instances": [
        {
          "index_key": "vm-k8s-master",
          "schema_version": 0,
          "attributes": {
            "base_volume_id": null,
            "base_volume_name": null,
            "base_volume_pool": null,
            "format": "qcow2",
            "id": "/var/lib/libvirt/images/vm-k8s-master.qcow2",
            "name": "vm-k8s-master.qcow2",
            "pool": "default",
            "size": 5368709120,
            "source": "images/Fedora-Cloud-Base-Generic-42-1.1.x86_64.qcow2",
            "xml": []
          },
          "sensitive_attributes": [],
          "identity_schema_version": 0,
          "private": "bnVsbA==",
          "dependencies": [
            "null_resource.vm_cleanup"
          ]
        },
        {
          "index_key": "vm-k8s-node-1",
          "schema_version": 0,
          "attributes": {
            "base_volume_id": null,
            "base_volume_name": null,
            "base_volume_pool": null,
            "format": "qcow2",
            "id": "/var/lib/libvirt/images/vm-k8s-node-1.qcow2",
            "name": "vm-k8s-node-1.qcow2",
            "pool": "default",
            "size": 5368709120,
            "source": "images/Fedora-Cloud-Base-Generic-42-1.1.x86_64.qcow2",
            "xml": []
          },
          "sensitive_attributes": [],
          "identity_schema_version": 0,
          "private": "bnVsbA==",
          "dependencies": [
            "null_resource.vm_cleanup"
          ]
        },
        {
          "index_key": "vm-k8s-node-2",
          "schema_version": 0,
          "attributes": {
            "base_volume_id": null,
            "base_volume_name": null,
            "base_volume_pool": null,
            "format": "qcow2",
            "id": "/var/lib/libvirt/images/vm-k8s-node-2.qcow2",
            "name": "vm-k8s-node-2.qcow2",
            "pool": "default",
            "size": 5368709120,
            "source": "images/Fedora-Cloud-Base-Generic-42-1.1.x86_64.qcow2",
            "xml": []
          },
          "sensitive_attributes": [],
          "identity_schema_version": 0,
          "private": "bnVsbA==",
          "dependencies": [
            "null_resource.vm_cleanup"
          ]
        },
        {
          "index_key": "vm-wireguard",
          "schema_version": 0,
          "attributes": {
            "base_volume_id": null,
            "base_volume_name": null,
            "base_volume_pool": null,
            "format": "qcow2",
            "id": "/var/lib/libvirt/images/vm-wireguard.qcow2",
            "name": "vm-wireguard.qcow2",
            "pool": "default",
            "size": 10737418240,
            "source": "images/Fedora-Cloud-Base-Generic-42-1.1.x86_64.qcow2",
            "xml": []
          },
          "sensitive_attributes": [],
          "identity_schema_version": 0,
          "private": "bnVsbA==",
          "dependencies": [
            "null_resource.vm_cleanup"
          ]
        }
      ]
    },
    {
      "mode": "managed",
      "type": "null_resource",
      "name": "generate-meta-data",
      "provider": "provider[\"registry.terraform.io/hashicorp/null\"]",
      "instances": [
        {
          "schema_version": 0,
          "attributes": {
            "id": "4457907942303930107",
            "triggers": {
              "always_run": "2025-05-27T10:40:47Z"
            }
          },
          "sensitive_attributes": [],
          "identity_schema_version": 0
        }
      ]
    },
    {
      "mode": "managed",
      "type": "null_resource",
      "name": "resize_disk",
      "provider": "provider[\"registry.terraform.io/hashicorp/null\"]",
      "instances": [
        {
          "index_key": "vm-k8s-master",
          "status": "tainted",
          "schema_version": 0,
          "attributes": {
            "id": "7608145352405065597",
            "triggers": null
          },
          "sensitive_attributes": [],
          "identity_schema_version": 0,
          "dependencies": [
            "libvirt_volume.vm_disk",
            "null_resource.vm_cleanup"
          ]
        },
        {
          "index_key": "vm-k8s-node-1",
          "status": "tainted",
          "schema_version": 0,
          "attributes": {
            "id": "4901458109781340014",
            "triggers": null
          },
          "sensitive_attributes": [],
          "identity_schema_version": 0,
          "dependencies": [
            "libvirt_volume.vm_disk",
            "null_resource.vm_cleanup"
          ]
        },
        {
          "index_key": "vm-k8s-node-2",
          "status": "tainted",
          "schema_version": 0,
          "attributes": {
            "id": "3005107053395604453",
            "triggers": null
          },
          "sensitive_attributes": [],
          "identity_schema_version": 0,
          "dependencies": [
            "libvirt_volume.vm_disk",
            "null_resource.vm_cleanup"
          ]
        },
        {
          "index_key": "vm-wireguard",
          "status": "tainted",
          "schema_version": 0,
          "attributes": {
            "id": "336408380608784801",
            "triggers": null
          },
          "sensitive_attributes": [],
          "identity_schema_version": 0,
          "dependencies": [
            "libvirt_volume.vm_disk",
            "null_resource.vm_cleanup"
          ]
        }
      ]
    },
    {
      "mode": "managed",
      "type": "null_resource",
      "name": "vm_cleanup",
      "provider": "provider[\"registry.terraform.io/hashicorp/null\"]",
      "instances": [
        {
          "index_key": "vm-k8s-master",
          "schema_version": 0,
          "attributes": {
            "id": "370867464954229215",
            "triggers": {
              "always_run": "2025-05-27T10:40:47Z"
            }
          },
          "sensitive_attributes": [],
          "identity_schema_version": 0
        },
        {
          "index_key": "vm-k8s-node-1",
          "schema_version": 0,
          "attributes": {
            "id": "4294113925906841131",
            "triggers": {
              "always_run": "2025-05-27T10:40:47Z"
            }
          },
          "sensitive_attributes": [],
          "identity_schema_version": 0
        },
        {
          "index_key": "vm-k8s-node-2",
          "schema_version": 0,
          "attributes": {
            "id": "7646648758255366127",
            "triggers": {
              "always_run": "2025-05-27T10:40:47Z"
            }
          },
          "sensitive_attributes": [],
          "identity_schema_version": 0
        },
        {
          "index_key": "vm-wireguard",
          "schema_version": 0,
          "attributes": {
            "id": "5694874003221056088",
            "triggers": {
              "always_run": "2025-05-27T10:40:47Z"
            }
          },
          "sensitive_attributes": [],
          "identity_schema_version": 0
        }
      ]
    }
  ],
  "check_results": null
}
